
Microsoft Visual Studio Solution File, Format Version 12.00
# Visual Studio 15
VisualStudioVersion = 15.0.27703.2026
MinimumVisualStudioVersion = 10.0.40219.1
Project("{FAE04EC0-301F-11D3-BF4B-00C04F79EFBC}") = "SydMeetup.PlacesDirectory.Bot", "SydMeetup.PlacesDirectory.Bot\SydMeetup.PlacesDirectory.Bot.csproj", "{91232004-235E-4ED4-8315-3BC8BA69DDC5}"
EndProject
Global
	GlobalSection(SolutionConfigurationPlatforms) = preSolution
		Debug|Any CPU = Debug|Any CPU
		Release|Any CPU = Release|Any CPU
	EndGlobalSection
	GlobalSection(ProjectConfigurationPlatforms) = postSolution
		{91232004-235E-4ED4-8315-3BC8BA69DDC5}.Debug|Any CPU.ActiveCfg = Debug|Any CPU
		{91232004-235E-4ED4-8315-3BC8BA69DDC5}.Debug|Any CPU.Build.0 = Debug|Any CPU
		{91232004-235E-4ED4-8315-3BC8BA69DDC5}.Release|Any CPU.ActiveCfg = Release|Any CPU
		{91232004-235E-4ED4-8315-3BC8BA69DDC5}.Release|Any CPU.Build.0 = Release|Any CPU
	EndGlobalSection
	GlobalSection(SolutionProperties) = preSolution
		HideSolutionNode = FALSE
	EndGlobalSection
	GlobalSection(ExtensibilityGlobals) = postSolution
		SolutionGuid = {2BCBAC3D-94D9-4E4D-96F7-CF09983EABA6}
	EndGlobalSection
EndGlobal
